
Microsoft Visual Studio Solution File, Format Version 12.00
Project("{FAE04EC0-301F-11D3-BF4B-00C04F79EFBC}") = "TestBowlingKata", "TestBowlingKata\TestBowlingKata.csproj", "{5EB6A924-11F9-4221-AEAA-70D1A9B9322C}"
EndProject
Project("{FAE04EC0-301F-11D3-BF4B-00C04F79EFBC}") = "BowlingKata", "BowlingKata\BowlingKata.csproj", "{191999F4-9947-45FC-8C94-E588D34306F6}"
EndProject
Global
	GlobalSection(SolutionConfigurationPlatforms) = preSolution
		Debug|Any CPU = Debug|Any CPU
		Release|Any CPU = Release|Any CPU
	EndGlobalSection
	GlobalSection(ProjectConfigurationPlatforms) = postSolution
		{5EB6A924-11F9-4221-AEAA-70D1A9B9322C}.Debug|Any CPU.ActiveCfg = Debug|Any CPU
		{5EB6A924-11F9-4221-AEAA-70D1A9B9322C}.Debug|Any CPU.Build.0 = Debug|Any CPU
		{5EB6A924-11F9-4221-AEAA-70D1A9B9322C}.Release|Any CPU.ActiveCfg = Release|Any CPU
		{5EB6A924-11F9-4221-AEAA-70D1A9B9322C}.Release|Any CPU.Build.0 = Release|Any CPU
		{191999F4-9947-45FC-8C94-E588D34306F6}.Debug|Any CPU.ActiveCfg = Debug|Any CPU
		{191999F4-9947-45FC-8C94-E588D34306F6}.Debug|Any CPU.Build.0 = Debug|Any CPU
		{191999F4-9947-45FC-8C94-E588D34306F6}.Release|Any CPU.ActiveCfg = Release|Any CPU
		{191999F4-9947-45FC-8C94-E588D34306F6}.Release|Any CPU.Build.0 = Release|Any CPU
	EndGlobalSection
EndGlobal
